PODS:
  - Flutter (1.0.0)
  - geofencing (0.0.1):
    - Flutter

DEPENDENCIES:
  - Flutter (from `Flutter`)
  - geofencing (from `.symlinks/plugins/geofencing/ios`)

EXTERNAL SOURCES:
  Flutter:
    :path: Flutter
  geofencing:
    :path: ".symlinks/plugins/geofencing/ios"

SPEC CHECKSUMS:
  Flutter: 0e3d915762c693b495b44d77113d4970485de6ec
  geofencing: f963c883322f1f6123301be3fa9af86e64afb7fb

PODFILE CHECKSUM: 3dbe063e9c90a5d7c9e4e76e70a821b9e2c1d271

COCOAPODS: 1.8.4
