PODS:
  - Flutter (1.0.0)
  - flutter_geofencing (0.0.1):
    - Flutter

DEPENDENCIES:
  - Flutter (from `Flutter`)
  - flutter_geofencing (from `.symlinks/plugins/flutter_geofencing/ios`)

EXTERNAL SOURCES:
  Flutter:
    :path: Flutter
  flutter_geofencing:
    :path: ".symlinks/plugins/flutter_geofencing/ios"

SPEC CHECKSUMS:
  Flutter: 0e3d915762c693b495b44d77113d4970485de6ec
  flutter_geofencing: cd2342accf22d2b76b3acfdb39ded6bca972d949

PODFILE CHECKSUM: 3dbe063e9c90a5d7c9e4e76e70a821b9e2c1d271

COCOAPODS: 1.8.4
